// !$*UTF8*$!
{
	archiveVersion = 1;
	classes = {
	};
	objectVersion = 56;
	objects = {

/* Begin PBXBuildFile section */
		B70CBC402BA096920025C340 /* InscriptionListeCreneaux.swift in Sources */ = {isa = PBXBuildFile; fileRef = B70CBC3F2BA096920025C340 /* InscriptionListeCreneaux.swift */; };
		B70CBC422BA09E1C0025C340 /* InscriptionCreneau.swift in Sources */ = {isa = PBXBuildFile; fileRef = B70CBC412BA09E1C0025C340 /* InscriptionCreneau.swift */; };
		B70CBC442BA0ACC30025C340 /* FiltreJeux.swift in Sources */ = {isa = PBXBuildFile; fileRef = B70CBC432BA0ACC30025C340 /* FiltreJeux.swift */; };
		B70CBC462BA0AFD00025C340 /* ExhaustiveFiltre.swift in Sources */ = {isa = PBXBuildFile; fileRef = B70CBC452BA0AFD00025C340 /* ExhaustiveFiltre.swift */; };
		B70CBC492BA0B1940025C340 /* RechercheJeux.swift in Sources */ = {isa = PBXBuildFile; fileRef = B70CBC482BA0B1940025C340 /* RechercheJeux.swift */; };
		B71A7CA12BA48CB7003F574A /* InscriptionCreneauxVM.swift in Sources */ = {isa = PBXBuildFile; fileRef = B71A7CA02BA48CB7003F574A /* InscriptionCreneauxVM.swift */; };
		B77DF5982B8CC62800A07876 /* FestivalMobileApp.swift in Sources */ = {isa = PBXBuildFile; fileRef = B77DF5972B8CC62800A07876 /* FestivalMobileApp.swift */; };
		B77DF59A2B8CC62800A07876 /* ContentView.swift in Sources */ = {isa = PBXBuildFile; fileRef = B77DF5992B8CC62800A07876 /* ContentView.swift */; };
		B77DF59C2B8CC62A00A07876 /* Assets.xcassets in Resources */ = {isa = PBXBuildFile; fileRef = B77DF59B2B8CC62A00A07876 /* Assets.xcassets */; };
		B77DF59F2B8CC62A00A07876 /* Preview Assets.xcassets in Resources */ = {isa = PBXBuildFile; fileRef = B77DF59E2B8CC62A00A07876 /* Preview Assets.xcassets */; };
		B77DF5A92B8CC62A00A07876 /* FestivalMobileTests.swift in Sources */ = {isa = PBXBuildFile; fileRef = B77DF5A82B8CC62A00A07876 /* FestivalMobileTests.swift */; };
		B77DF5B32B8CC62B00A07876 /* FestivalMobileUITests.swift in Sources */ = {isa = PBXBuildFile; fileRef = B77DF5B22B8CC62B00A07876 /* FestivalMobileUITests.swift */; };
		B77DF5B52B8CC62B00A07876 /* FestivalMobileUITestsLaunchTests.swift in Sources */ = {isa = PBXBuildFile; fileRef = B77DF5B42B8CC62B00A07876 /* FestivalMobileUITestsLaunchTests.swift */; };
		B7F617BB2BA18CA100235E4F /* RechercheJeuViewModel.swift in Sources */ = {isa = PBXBuildFile; fileRef = B7F617BA2BA18CA100235E4F /* RechercheJeuViewModel.swift */; };
		B7F617BD2BA1A49300235E4F /* InscriptionAnimation.swift in Sources */ = {isa = PBXBuildFile; fileRef = B7F617BC2BA1A49300235E4F /* InscriptionAnimation.swift */; };
		B7F617BF2BA1A4E800235E4F /* InscriptionPoste.swift in Sources */ = {isa = PBXBuildFile; fileRef = B7F617BE2BA1A4E800235E4F /* InscriptionPoste.swift */; };
		B7F617C22BA1A84D00235E4F /* SelectionAnimation.swift in Sources */ = {isa = PBXBuildFile; fileRef = B7F617C12BA1A84D00235E4F /* SelectionAnimation.swift */; };
		B7F617C42BA1A89400235E4F /* SelectionAnimationVM.swift in Sources */ = {isa = PBXBuildFile; fileRef = B7F617C32BA1A89400235E4F /* SelectionAnimationVM.swift */; };
		B7F617C72BA1A9D600235E4F /* MultiSelectList.swift in Sources */ = {isa = PBXBuildFile; fileRef = B7F617C62BA1A9D600235E4F /* MultiSelectList.swift */; };
		B7F617CA2BA1AA5800235E4F /* MultiSelectObjectVM.swift in Sources */ = {isa = PBXBuildFile; fileRef = B7F617C92BA1AA5800235E4F /* MultiSelectObjectVM.swift */; };
		B7F617CC2BA1AAC300235E4F /* MultiSelectListVM.swift in Sources */ = {isa = PBXBuildFile; fileRef = B7F617CB2BA1AAC300235E4F /* MultiSelectListVM.swift */; };
		B7F617CE2BA1AF0600235E4F /* ListItemProtocol.swift in Sources */ = {isa = PBXBuildFile; fileRef = B7F617CD2BA1AF0600235E4F /* ListItemProtocol.swift */; };
		B7F617D02BA1B20F00235E4F /* SearchBarView.swift in Sources */ = {isa = PBXBuildFile; fileRef = B7F617CF2BA1B20F00235E4F /* SearchBarView.swift */; };
		B7F617D22BA1B23700235E4F /* ListRowView.swift in Sources */ = {isa = PBXBuildFile; fileRef = B7F617D12BA1B23700235E4F /* ListRowView.swift */; };
		B7F617D62BA1C2E400235E4F /* SelectionPosteVM.swift in Sources */ = {isa = PBXBuildFile; fileRef = B7F617D52BA1C2E400235E4F /* SelectionPosteVM.swift */; };
		B7F617D92BA1C47400235E4F /* SelectionPoste.swift in Sources */ = {isa = PBXBuildFile; fileRef = B7F617D82BA1C47400235E4F /* SelectionPoste.swift */; };
/* End PBXBuildFile section */

/* Begin PBXContainerItemProxy section */
		B77DF5A52B8CC62A00A07876 /* PBXContainerItemProxy */ = {
			isa = PBXContainerItemProxy;
			containerPortal = B77DF58C2B8CC62800A07876 /* Project object */;
			proxyType = 1;
			remoteGlobalIDString = B77DF5932B8CC62800A07876;
			remoteInfo = FestivalMobile;
		};
		B77DF5AF2B8CC62B00A07876 /* PBXContainerItemProxy */ = {
			isa = PBXContainerItemProxy;
			containerPortal = B77DF58C2B8CC62800A07876 /* Project object */;
			proxyType = 1;
			remoteGlobalIDString = B77DF5932B8CC62800A07876;
			remoteInfo = FestivalMobile;
		};
/* End PBXContainerItemProxy section */

/* Begin PBXFileReference section */
		B70CBC3F2BA096920025C340 /* InscriptionListeCreneaux.swift */ = {isa = PBXFileReference; lastKnownFileType = sourcecode.swift; path = InscriptionListeCreneaux.swift; sourceTree = "<group>"; };
		B70CBC412BA09E1C0025C340 /* InscriptionCreneau.swift */ = {isa = PBXFileReference; lastKnownFileType = sourcecode.swift; path = InscriptionCreneau.swift; sourceTree = "<group>"; };
		B70CBC432BA0ACC30025C340 /* FiltreJeux.swift */ = {isa = PBXFileReference; lastKnownFileType = sourcecode.swift; path = FiltreJeux.swift; sourceTree = "<group>"; };
		B70CBC452BA0AFD00025C340 /* ExhaustiveFiltre.swift */ = {isa = PBXFileReference; lastKnownFileType = sourcecode.swift; path = ExhaustiveFiltre.swift; sourceTree = "<group>"; };
		B70CBC482BA0B1940025C340 /* RechercheJeux.swift */ = {isa = PBXFileReference; lastKnownFileType = sourcecode.swift; path = RechercheJeux.swift; sourceTree = "<group>"; };
		B71A7CA02BA48CB7003F574A /* InscriptionCreneauxVM.swift */ = {isa = PBXFileReference; lastKnownFileType = sourcecode.swift; path = InscriptionCreneauxVM.swift; sourceTree = "<group>"; };
		B77DF5942B8CC62800A07876 /* FestivalMobile.app */ = {isa = PBXFileReference; explicitFileType = wrapper.application; includeInIndex = 0; path = FestivalMobile.app; sourceTree = BUILT_PRODUCTS_DIR; };
		B77DF5972B8CC62800A07876 /* FestivalMobileApp.swift */ = {isa = PBXFileReference; lastKnownFileType = sourcecode.swift; path = FestivalMobileApp.swift; sourceTree = "<group>"; };
		B77DF5992B8CC62800A07876 /* ContentView.swift */ = {isa = PBXFileReference; lastKnownFileType = sourcecode.swift; path = ContentView.swift; sourceTree = "<group>"; };
		B77DF59B2B8CC62A00A07876 /* Assets.xcassets */ = {isa = PBXFileReference; lastKnownFileType = folder.assetcatalog; path = Assets.xcassets; sourceTree = "<group>"; };
		B77DF59E2B8CC62A00A07876 /* Preview Assets.xcassets */ = {isa = PBXFileReference; lastKnownFileType = folder.assetcatalog; path = "Preview Assets.xcassets"; sourceTree = "<group>"; };
		B77DF5A42B8CC62A00A07876 /* FestivalMobileTests.xctest */ = {isa = PBXFileReference; explicitFileType = wrapper.cfbundle; includeInIndex = 0; path = FestivalMobileTests.xctest; sourceTree = BUILT_PRODUCTS_DIR; };
		B77DF5A82B8CC62A00A07876 /* FestivalMobileTests.swift */ = {isa = PBXFileReference; lastKnownFileType = sourcecode.swift; path = FestivalMobileTests.swift; sourceTree = "<group>"; };
		B77DF5AE2B8CC62B00A07876 /* FestivalMobileUITests.xctest */ = {isa = PBXFileReference; explicitFileType = wrapper.cfbundle; includeInIndex = 0; path = FestivalMobileUITests.xctest; sourceTree = BUILT_PRODUCTS_DIR; };
		B77DF5B22B8CC62B00A07876 /* FestivalMobileUITests.swift */ = {isa = PBXFileReference; lastKnownFileType = sourcecode.swift; path = FestivalMobileUITests.swift; sourceTree = "<group>"; };
		B77DF5B42B8CC62B00A07876 /* FestivalMobileUITestsLaunchTests.swift */ = {isa = PBXFileReference; lastKnownFileType = sourcecode.swift; path = FestivalMobileUITestsLaunchTests.swift; sourceTree = "<group>"; };
		B7F617BA2BA18CA100235E4F /* RechercheJeuViewModel.swift */ = {isa = PBXFileReference; lastKnownFileType = sourcecode.swift; path = RechercheJeuViewModel.swift; sourceTree = "<group>"; };
		B7F617BC2BA1A49300235E4F /* InscriptionAnimation.swift */ = {isa = PBXFileReference; lastKnownFileType = sourcecode.swift; path = InscriptionAnimation.swift; sourceTree = "<group>"; };
		B7F617BE2BA1A4E800235E4F /* InscriptionPoste.swift */ = {isa = PBXFileReference; lastKnownFileType = sourcecode.swift; path = InscriptionPoste.swift; sourceTree = "<group>"; };
		B7F617C12BA1A84D00235E4F /* SelectionAnimation.swift */ = {isa = PBXFileReference; lastKnownFileType = sourcecode.swift; path = SelectionAnimation.swift; sourceTree = "<group>"; };
		B7F617C32BA1A89400235E4F /* SelectionAnimationVM.swift */ = {isa = PBXFileReference; lastKnownFileType = sourcecode.swift; path = SelectionAnimationVM.swift; sourceTree = "<group>"; };
		B7F617C62BA1A9D600235E4F /* MultiSelectList.swift */ = {isa = PBXFileReference; lastKnownFileType = sourcecode.swift; path = MultiSelectList.swift; sourceTree = "<group>"; };
		B7F617C92BA1AA5800235E4F /* MultiSelectObjectVM.swift */ = {isa = PBXFileReference; lastKnownFileType = sourcecode.swift; path = MultiSelectObjectVM.swift; sourceTree = "<group>"; };
		B7F617CB2BA1AAC300235E4F /* MultiSelectListVM.swift */ = {isa = PBXFileReference; lastKnownFileType = sourcecode.swift; path = MultiSelectListVM.swift; sourceTree = "<group>"; };
		B7F617CD2BA1AF0600235E4F /* ListItemProtocol.swift */ = {isa = PBXFileReference; lastKnownFileType = sourcecode.swift; path = ListItemProtocol.swift; sourceTree = "<group>"; };
		B7F617CF2BA1B20F00235E4F /* SearchBarView.swift */ = {isa = PBXFileReference; lastKnownFileType = sourcecode.swift; path = SearchBarView.swift; sourceTree = "<group>"; };
		B7F617D12BA1B23700235E4F /* ListRowView.swift */ = {isa = PBXFileReference; lastKnownFileType = sourcecode.swift; path = ListRowView.swift; sourceTree = "<group>"; };
		B7F617D52BA1C2E400235E4F /* SelectionPosteVM.swift */ = {isa = PBXFileReference; lastKnownFileType = sourcecode.swift; path = SelectionPosteVM.swift; sourceTree = "<group>"; };
		B7F617D82BA1C47400235E4F /* SelectionPoste.swift */ = {isa = PBXFileReference; lastKnownFileType = sourcecode.swift; path = SelectionPoste.swift; sourceTree = "<group>"; };
/* End PBXFileReference section */

/* Begin PBXFrameworksBuildPhase section */
		B77DF5912B8CC62800A07876 /* Frameworks */ = {
			isa = PBXFrameworksBuildPhase;
			buildActionMask = 2147483647;
			files = (
			);
			runOnlyForDeploymentPostprocessing = 0;
		};
		B77DF5A12B8CC62A00A07876 /* Frameworks */ = {
			isa = PBXFrameworksBuildPhase;
			buildActionMask = 2147483647;
			files = (
			);
			runOnlyForDeploymentPostprocessing = 0;
		};
		B77DF5AB2B8CC62B00A07876 /* Frameworks */ = {
			isa = PBXFrameworksBuildPhase;
			buildActionMask = 2147483647;
			files = (
			);
			runOnlyForDeploymentPostprocessing = 0;
		};
/* End PBXFrameworksBuildPhase section */

/* Begin PBXGroup section */
		B70CBC472BA0B1800025C340 /* Filtre */ = {
			isa = PBXGroup;
			children = (
				B70CBC452BA0AFD00025C340 /* ExhaustiveFiltre.swift */,
				B70CBC432BA0ACC30025C340 /* FiltreJeux.swift */,
				B70CBC482BA0B1940025C340 /* RechercheJeux.swift */,
			);
			path = Filtre;
			sourceTree = "<group>";
		};
		B77DF58B2B8CC62800A07876 = {
			isa = PBXGroup;
			children = (
				B77DF5962B8CC62800A07876 /* FestivalMobile */,
				B77DF5A72B8CC62A00A07876 /* FestivalMobileTests */,
				B77DF5B12B8CC62B00A07876 /* FestivalMobileUITests */,
				B77DF5952B8CC62800A07876 /* Products */,
			);
			sourceTree = "<group>";
		};
		B77DF5952B8CC62800A07876 /* Products */ = {
			isa = PBXGroup;
			children = (
				B77DF5942B8CC62800A07876 /* FestivalMobile.app */,
				B77DF5A42B8CC62A00A07876 /* FestivalMobileTests.xctest */,
				B77DF5AE2B8CC62B00A07876 /* FestivalMobileUITests.xctest */,
			);
			name = Products;
			sourceTree = "<group>";
		};
		B77DF5962B8CC62800A07876 /* FestivalMobile */ = {
			isa = PBXGroup;
			children = (
				B7F617C52BA1A9C700235E4F /* Components */,
				B77DF5C32B8CC65E00A07876 /* Views */,
				B77DF5C22B8CC65000A07876 /* ViewModels */,
				B77DF5C12B8CC64700A07876 /* Models */,
				B77DF5972B8CC62800A07876 /* FestivalMobileApp.swift */,
				B77DF5992B8CC62800A07876 /* ContentView.swift */,
				B77DF59B2B8CC62A00A07876 /* Assets.xcassets */,
				B77DF59D2B8CC62A00A07876 /* Preview Content */,
			);
			path = FestivalMobile;
			sourceTree = "<group>";
		};
		B77DF59D2B8CC62A00A07876 /* Preview Content */ = {
			isa = PBXGroup;
			children = (
				B77DF59E2B8CC62A00A07876 /* Preview Assets.xcassets */,
			);
			path = "Preview Content";
			sourceTree = "<group>";
		};
		B77DF5A72B8CC62A00A07876 /* FestivalMobileTests */ = {
			isa = PBXGroup;
			children = (
				B77DF5A82B8CC62A00A07876 /* FestivalMobileTests.swift */,
			);
			path = FestivalMobileTests;
			sourceTree = "<group>";
		};
		B77DF5B12B8CC62B00A07876 /* FestivalMobileUITests */ = {
			isa = PBXGroup;
			children = (
				B77DF5B22B8CC62B00A07876 /* FestivalMobileUITests.swift */,
				B77DF5B42B8CC62B00A07876 /* FestivalMobileUITestsLaunchTests.swift */,
			);
			path = FestivalMobileUITests;
			sourceTree = "<group>";
		};
		B77DF5C12B8CC64700A07876 /* Models */ = {
			isa = PBXGroup;
			children = (
			);
			path = Models;
			sourceTree = "<group>";
		};
		B77DF5C22B8CC65000A07876 /* ViewModels */ = {
			isa = PBXGroup;
			children = (
				B7F617D42BA1C2C900235E4F /* InscriptionPoste */,
				B7F617D32BA1C2AB00235E4F /* InscriptionAnimation */,
				B7F617C82BA1AA4900235E4F /* Components */,
				B71A7CA02BA48CB7003F574A /* InscriptionCreneauxVM.swift */,
			);
			path = ViewModels;
			sourceTree = "<group>";
		};
		B77DF5C32B8CC65E00A07876 /* Views */ = {
			isa = PBXGroup;
			children = (
				B7F617D72BA1C46200235E4F /* InscriptionPoste */,
				B7F617C02BA1A83700235E4F /* InscriptionAnimation */,
				B70CBC3F2BA096920025C340 /* InscriptionListeCreneaux.swift */,
				B70CBC412BA09E1C0025C340 /* InscriptionCreneau.swift */,
			);
			path = Views;
			sourceTree = "<group>";
		};
		B7F617B92BA18C8F00235E4F /* Filtre */ = {
			isa = PBXGroup;
			children = (
				B7F617BA2BA18CA100235E4F /* RechercheJeuViewModel.swift */,
			);
			path = Filtre;
			sourceTree = "<group>";
		};
		B7F617C02BA1A83700235E4F /* InscriptionAnimation */ = {
			isa = PBXGroup;
			children = (
				B70CBC472BA0B1800025C340 /* Filtre */,
				B7F617BC2BA1A49300235E4F /* InscriptionAnimation.swift */,
				B7F617C12BA1A84D00235E4F /* SelectionAnimation.swift */,
			);
			path = InscriptionAnimation;
			sourceTree = "<group>";
		};
		B7F617C52BA1A9C700235E4F /* Components */ = {
			isa = PBXGroup;
			children = (
				B7F617C62BA1A9D600235E4F /* MultiSelectList.swift */,
				B7F617CF2BA1B20F00235E4F /* SearchBarView.swift */,
				B7F617D12BA1B23700235E4F /* ListRowView.swift */,
			);
			path = Components;
			sourceTree = "<group>";
		};
		B7F617C82BA1AA4900235E4F /* Components */ = {
			isa = PBXGroup;
			children = (
				B7F617C92BA1AA5800235E4F /* MultiSelectObjectVM.swift */,
				B7F617CB2BA1AAC300235E4F /* MultiSelectListVM.swift */,
				B7F617CD2BA1AF0600235E4F /* ListItemProtocol.swift */,
			);
			path = Components;
			sourceTree = "<group>";
		};
		B7F617D32BA1C2AB00235E4F /* InscriptionAnimation */ = {
			isa = PBXGroup;
			children = (
				B7F617C32BA1A89400235E4F /* SelectionAnimationVM.swift */,
				B7F617B92BA18C8F00235E4F /* Filtre */,
			);
			path = InscriptionAnimation;
			sourceTree = "<group>";
		};
		B7F617D42BA1C2C900235E4F /* InscriptionPoste */ = {
			isa = PBXGroup;
			children = (
				B7F617D52BA1C2E400235E4F /* SelectionPosteVM.swift */,
			);
			path = InscriptionPoste;
			sourceTree = "<group>";
		};
		B7F617D72BA1C46200235E4F /* InscriptionPoste */ = {
			isa = PBXGroup;
			children = (
				B7F617BE2BA1A4E800235E4F /* InscriptionPoste.swift */,
				B7F617D82BA1C47400235E4F /* SelectionPoste.swift */,
			);
			path = InscriptionPoste;
			sourceTree = "<group>";
		};
/* End PBXGroup section */

/* Begin PBXNativeTarget section */
		B77DF5932B8CC62800A07876 /* FestivalMobile */ = {
			isa = PBXNativeTarget;
			buildConfigurationList = B77DF5B82B8CC62B00A07876 /* Build configuration list for PBXNativeTarget "FestivalMobile" */;
			buildPhases = (
				B77DF5902B8CC62800A07876 /* Sources */,
				B77DF5912B8CC62800A07876 /* Frameworks */,
				B77DF5922B8CC62800A07876 /* Resources */,
			);
			buildRules = (
			);
			dependencies = (
			);
			name = FestivalMobile;
			productName = FestivalMobile;
			productReference = B77DF5942B8CC62800A07876 /* FestivalMobile.app */;
			productType = "com.apple.product-type.application";
		};
		B77DF5A32B8CC62A00A07876 /* FestivalMobileTests */ = {
			isa = PBXNativeTarget;
			buildConfigurationList = B77DF5BB2B8CC62B00A07876 /* Build configuration list for PBXNativeTarget "FestivalMobileTests" */;
			buildPhases = (
				B77DF5A02B8CC62A00A07876 /* Sources */,
				B77DF5A12B8CC62A00A07876 /* Frameworks */,
				B77DF5A22B8CC62A00A07876 /* Resources */,
			);
			buildRules = (
			);
			dependencies = (
				B77DF5A62B8CC62A00A07876 /* PBXTargetDependency */,
			);
			name = FestivalMobileTests;
			productName = FestivalMobileTests;
			productReference = B77DF5A42B8CC62A00A07876 /* FestivalMobileTests.xctest */;
			productType = "com.apple.product-type.bundle.unit-test";
		};
		B77DF5AD2B8CC62B00A07876 /* FestivalMobileUITests */ = {
			isa = PBXNativeTarget;
			buildConfigurationList = B77DF5BE2B8CC62B00A07876 /* Build configuration list for PBXNativeTarget "FestivalMobileUITests" */;
			buildPhases = (
				B77DF5AA2B8CC62B00A07876 /* Sources */,
				B77DF5AB2B8CC62B00A07876 /* Frameworks */,
				B77DF5AC2B8CC62B00A07876 /* Resources */,
			);
			buildRules = (
			);
			dependencies = (
				B77DF5B02B8CC62B00A07876 /* PBXTargetDependency */,
			);
			name = FestivalMobileUITests;
			productName = FestivalMobileUITests;
			productReference = B77DF5AE2B8CC62B00A07876 /* FestivalMobileUITests.xctest */;
			productType = "com.apple.product-type.bundle.ui-testing";
		};
/* End PBXNativeTarget section */

/* Begin PBXProject section */
		B77DF58C2B8CC62800A07876 /* Project object */ = {
			isa = PBXProject;
			attributes = {
				BuildIndependentTargetsInParallel = 1;
				LastSwiftUpdateCheck = 1420;
				LastUpgradeCheck = 1420;
				TargetAttributes = {
					B77DF5932B8CC62800A07876 = {
						CreatedOnToolsVersion = 14.2;
					};
					B77DF5A32B8CC62A00A07876 = {
						CreatedOnToolsVersion = 14.2;
						TestTargetID = B77DF5932B8CC62800A07876;
					};
					B77DF5AD2B8CC62B00A07876 = {
						CreatedOnToolsVersion = 14.2;
						TestTargetID = B77DF5932B8CC62800A07876;
					};
				};
			};
			buildConfigurationList = B77DF58F2B8CC62800A07876 /* Build configuration list for PBXProject "FestivalMobile" */;
			compatibilityVersion = "Xcode 14.0";
			developmentRegion = en;
			hasScannedForEncodings = 0;
			knownRegions = (
				en,
				Base,
			);
			mainGroup = B77DF58B2B8CC62800A07876;
			productRefGroup = B77DF5952B8CC62800A07876 /* Products */;
			projectDirPath = "";
			projectRoot = "";
			targets = (
				B77DF5932B8CC62800A07876 /* FestivalMobile */,
				B77DF5A32B8CC62A00A07876 /* FestivalMobileTests */,
				B77DF5AD2B8CC62B00A07876 /* FestivalMobileUITests */,
			);
		};
/* End PBXProject section */

/* Begin PBXResourcesBuildPhase section */
		B77DF5922B8CC62800A07876 /* Resources */ = {
			isa = PBXResourcesBuildPhase;
			buildActionMask = 2147483647;
			files = (
				B77DF59F2B8CC62A00A07876 /* Preview Assets.xcassets in Resources */,
				B77DF59C2B8CC62A00A07876 /* Assets.xcassets in Resources */,
			);
			runOnlyForDeploymentPostprocessing = 0;
		};
		B77DF5A22B8CC62A00A07876 /* Resources */ = {
			isa = PBXResourcesBuildPhase;
			buildActionMask = 2147483647;
			files = (
			);
			runOnlyForDeploymentPostprocessing = 0;
		};
		B77DF5AC2B8CC62B00A07876 /* Resources */ = {
			isa = PBXResourcesBuildPhase;
			buildActionMask = 2147483647;
			files = (
			);
			runOnlyForDeploymentPostprocessing = 0;
		};
/* End PBXResourcesBuildPhase section */

/* Begin PBXSourcesBuildPhase section */
		B77DF5902B8CC62800A07876 /* Sources */ = {
			isa = PBXSourcesBuildPhase;
			buildActionMask = 2147483647;
			files = (
				B70CBC422BA09E1C0025C340 /* InscriptionCreneau.swift in Sources */,
				B7F617D62BA1C2E400235E4F /* SelectionPosteVM.swift in Sources */,
				B7F617BF2BA1A4E800235E4F /* InscriptionPoste.swift in Sources */,
				B70CBC402BA096920025C340 /* InscriptionListeCreneaux.swift in Sources */,
				B70CBC492BA0B1940025C340 /* RechercheJeux.swift in Sources */,
				B77DF59A2B8CC62800A07876 /* ContentView.swift in Sources */,
				B71A7CA12BA48CB7003F574A /* InscriptionCreneauxVM.swift in Sources */,
				B70CBC462BA0AFD00025C340 /* ExhaustiveFiltre.swift in Sources */,
				B7F617CC2BA1AAC300235E4F /* MultiSelectListVM.swift in Sources */,
				B7F617D92BA1C47400235E4F /* SelectionPoste.swift in Sources */,
				B7F617CA2BA1AA5800235E4F /* MultiSelectObjectVM.swift in Sources */,
				B7F617BD2BA1A49300235E4F /* InscriptionAnimation.swift in Sources */,
				B70CBC442BA0ACC30025C340 /* FiltreJeux.swift in Sources */,
				B7F617C22BA1A84D00235E4F /* SelectionAnimation.swift in Sources */,
				B7F617C42BA1A89400235E4F /* SelectionAnimationVM.swift in Sources */,
				B77DF5982B8CC62800A07876 /* FestivalMobileApp.swift in Sources */,
				B7F617BB2BA18CA100235E4F /* RechercheJeuViewModel.swift in Sources */,
				B7F617CE2BA1AF0600235E4F /* ListItemProtocol.swift in Sources */,
				B7F617D02BA1B20F00235E4F /* SearchBarView.swift in Sources */,
				B7F617C72BA1A9D600235E4F /* MultiSelectList.swift in Sources */,
				B7F617D22BA1B23700235E4F /* ListRowView.swift in Sources */,
			);
			runOnlyForDeploymentPostprocessing = 0;
		};
		B77DF5A02B8CC62A00A07876 /* Sources */ = {
			isa = PBXSourcesBuildPhase;
			buildActionMask = 2147483647;
			files = (
				B77DF5A92B8CC62A00A07876 /* FestivalMobileTests.swift in Sources */,
			);
			runOnlyForDeploymentPostprocessing = 0;
		};
		B77DF5AA2B8CC62B00A07876 /* Sources */ = {
			isa = PBXSourcesBuildPhase;
			buildActionMask = 2147483647;
			files = (
				B77DF5B52B8CC62B00A07876 /* FestivalMobileUITestsLaunchTests.swift in Sources */,
				B77DF5B32B8CC62B00A07876 /* FestivalMobileUITests.swift in Sources */,
			);
			runOnlyForDeploymentPostprocessing = 0;
		};
/* End PBXSourcesBuildPhase section */

/* Begin PBXTargetDependency section */
		B77DF5A62B8CC62A00A07876 /* PBXTargetDependency */ = {
			isa = PBXTargetDependency;
			target = B77DF5932B8CC62800A07876 /* FestivalMobile */;
			targetProxy = B77DF5A52B8CC62A00A07876 /* PBXContainerItemProxy */;
		};
		B77DF5B02B8CC62B00A07876 /* PBXTargetDependency */ = {
			isa = PBXTargetDependency;
			target = B77DF5932B8CC62800A07876 /* FestivalMobile */;
			targetProxy = B77DF5AF2B8CC62B00A07876 /* PBXContainerItemProxy */;
		};
/* End PBXTargetDependency section */

/* Begin XCBuildConfiguration section */
		B77DF5B62B8CC62B00A07876 /* Debug */ = {
			isa = XCBuildConfiguration;
			buildSettings = {
				ALWAYS_SEARCH_USER_PATHS = NO;
				CLANG_ANALYZER_NONNULL = YES;
				CLANG_ANALYZER_NUMBER_OBJECT_CONVERSION = YES_AGGRESSIVE;
				CLANG_CXX_LANGUAGE_STANDARD = "gnu++20";
				CLANG_ENABLE_MODULES = YES;
				CLANG_ENABLE_OBJC_ARC = YES;
				CLANG_ENABLE_OBJC_WEAK = YES;
				CLANG_WARN_BLOCK_CAPTURE_AUTORELEASING = YES;
				CLANG_WARN_BOOL_CONVERSION = YES;
				CLANG_WARN_COMMA = YES;
				CLANG_WARN_CONSTANT_CONVERSION = YES;
				CLANG_WARN_DEPRECATED_OBJC_IMPLEMENTATIONS = YES;
				CLANG_WARN_DIRECT_OBJC_ISA_USAGE = YES_ERROR;
				CLANG_WARN_DOCUMENTATION_COMMENTS = YES;
				CLANG_WARN_EMPTY_BODY = YES;
				CLANG_WARN_ENUM_CONVERSION = YES;
				CLANG_WARN_INFINITE_RECURSION = YES;
				CLANG_WARN_INT_CONVERSION = YES;
				CLANG_WARN_NON_LITERAL_NULL_CONVERSION = YES;
				CLANG_WARN_OBJC_IMPLICIT_RETAIN_SELF = YES;
				CLANG_WARN_OBJC_LITERAL_CONVERSION = YES;
				CLANG_WARN_OBJC_ROOT_CLASS = YES_ERROR;
				CLANG_WARN_QUOTED_INCLUDE_IN_FRAMEWORK_HEADER = YES;
				CLANG_WARN_RANGE_LOOP_ANALYSIS = YES;
				CLANG_WARN_STRICT_PROTOTYPES = YES;
				CLANG_WARN_SUSPICIOUS_MOVE = YES;
				CLANG_WARN_UNGUARDED_AVAILABILITY = YES_AGGRESSIVE;
				CLANG_WARN_UNREACHABLE_CODE = YES;
				CLANG_WARN__DUPLICATE_METHOD_MATCH = YES;
				COPY_PHASE_STRIP = NO;
				DEBUG_INFORMATION_FORMAT = dwarf;
				ENABLE_STRICT_OBJC_MSGSEND = YES;
				ENABLE_TESTABILITY = YES;
				GCC_C_LANGUAGE_STANDARD = gnu11;
				GCC_DYNAMIC_NO_PIC = NO;
				GCC_NO_COMMON_BLOCKS = YES;
				GCC_OPTIMIZATION_LEVEL = 0;
				GCC_PREPROCESSOR_DEFINITIONS = (
					"DEBUG=1",
					"$(inherited)",
				);
				GCC_WARN_64_TO_32_BIT_CONVERSION = YES;
				GCC_WARN_ABOUT_RETURN_TYPE = YES_ERROR;
				GCC_WARN_UNDECLARED_SELECTOR = YES;
				GCC_WARN_UNINITIALIZED_AUTOS = YES_AGGRESSIVE;
				GCC_WARN_UNUSED_FUNCTION = YES;
				GCC_WARN_UNUSED_VARIABLE = YES;
				IPHONEOS_DEPLOYMENT_TARGET = 16.2;
				MTL_ENABLE_DEBUG_INFO = INCLUDE_SOURCE;
				MTL_FAST_MATH = YES;
				ONLY_ACTIVE_ARCH = YES;
				SDKROOT = iphoneos;
				SWIFT_ACTIVE_COMPILATION_CONDITIONS = DEBUG;
				SWIFT_OPTIMIZATION_LEVEL = "-Onone";
			};
			name = Debug;
		};
		B77DF5B72B8CC62B00A07876 /* Release */ = {
			isa = XCBuildConfiguration;
			buildSettings = {
				ALWAYS_SEARCH_USER_PATHS = NO;
				CLANG_ANALYZER_NONNULL = YES;
				CLANG_ANALYZER_NUMBER_OBJECT_CONVERSION = YES_AGGRESSIVE;
				CLANG_CXX_LANGUAGE_STANDARD = "gnu++20";
				CLANG_ENABLE_MODULES = YES;
				CLANG_ENABLE_OBJC_ARC = YES;
				CLANG_ENABLE_OBJC_WEAK = YES;
				CLANG_WARN_BLOCK_CAPTURE_AUTORELEASING = YES;
				CLANG_WARN_BOOL_CONVERSION = YES;
				CLANG_WARN_COMMA = YES;
				CLANG_WARN_CONSTANT_CONVERSION = YES;
				CLANG_WARN_DEPRECATED_OBJC_IMPLEMENTATIONS = YES;
				CLANG_WARN_DIRECT_OBJC_ISA_USAGE = YES_ERROR;
				CLANG_WARN_DOCUMENTATION_COMMENTS = YES;
				CLANG_WARN_EMPTY_BODY = YES;
				CLANG_WARN_ENUM_CONVERSION = YES;
				CLANG_WARN_INFINITE_RECURSION = YES;
				CLANG_WARN_INT_CONVERSION = YES;
				CLANG_WARN_NON_LITERAL_NULL_CONVERSION = YES;
				CLANG_WARN_OBJC_IMPLICIT_RETAIN_SELF = YES;
				CLANG_WARN_OBJC_LITERAL_CONVERSION = YES;
				CLANG_WARN_OBJC_ROOT_CLASS = YES_ERROR;
				CLANG_WARN_QUOTED_INCLUDE_IN_FRAMEWORK_HEADER = YES;
				CLANG_WARN_RANGE_LOOP_ANALYSIS = YES;
				CLANG_WARN_STRICT_PROTOTYPES = YES;
				CLANG_WARN_SUSPICIOUS_MOVE = YES;
				CLANG_WARN_UNGUARDED_AVAILABILITY = YES_AGGRESSIVE;
				CLANG_WARN_UNREACHABLE_CODE = YES;
				CLANG_WARN__DUPLICATE_METHOD_MATCH = YES;
				COPY_PHASE_STRIP = NO;
				DEBUG_INFORMATION_FORMAT = "dwarf-with-dsym";
				ENABLE_NS_ASSERTIONS = NO;
				ENABLE_STRICT_OBJC_MSGSEND = YES;
				GCC_C_LANGUAGE_STANDARD = gnu11;
				GCC_NO_COMMON_BLOCKS = YES;
				GCC_WARN_64_TO_32_BIT_CONVERSION = YES;
				GCC_WARN_ABOUT_RETURN_TYPE = YES_ERROR;
				GCC_WARN_UNDECLARED_SELECTOR = YES;
				GCC_WARN_UNINITIALIZED_AUTOS = YES_AGGRESSIVE;
				GCC_WARN_UNUSED_FUNCTION = YES;
				GCC_WARN_UNUSED_VARIABLE = YES;
				IPHONEOS_DEPLOYMENT_TARGET = 16.2;
				MTL_ENABLE_DEBUG_INFO = NO;
				MTL_FAST_MATH = YES;
				SDKROOT = iphoneos;
				SWIFT_COMPILATION_MODE = wholemodule;
				SWIFT_OPTIMIZATION_LEVEL = "-O";
				VALIDATE_PRODUCT = YES;
			};
			name = Release;
		};
		B77DF5B92B8CC62B00A07876 /* Debug */ = {
			isa = XCBuildConfiguration;
			buildSettings = {
				ASSETCATALOG_COMPILER_APPICON_NAME = AppIcon;
				ASSETCATALOG_COMPILER_GLOBAL_ACCENT_COLOR_NAME = AccentColor;
				CODE_SIGN_STYLE = Automatic;
				CURRENT_PROJECT_VERSION = 1;
				DEVELOPMENT_ASSET_PATHS = "\"FestivalMobile/Preview Content\"";
				ENABLE_PREVIEWS = YES;
				GENERATE_INFOPLIST_FILE = YES;
				INFOPLIST_KEY_UIApplicationSceneManifest_Generation = YES;
				INFOPLIST_KEY_UIApplicationSupportsIndirectInputEvents = YES;
				INFOPLIST_KEY_UILaunchScreen_Generation = YES;
				INFOPLIST_KEY_UISupportedInterfaceOrientations_iPad = "UIInterfaceOrientationPortrait UIInterfaceOrientationPortraitUpsideDown UIInterfaceOrientationLandscapeLeft UIInterfaceOrientationLandscapeRight";
				INFOPLIST_KEY_UISupportedInterfaceOrientations_iPhone = "UIInterfaceOrientationPortrait UIInterfaceOrientationLandscapeLeft UIInterfaceOrientationLandscapeRight";
				LD_RUNPATH_SEARCH_PATHS = (
					"$(inherited)",
					"@executable_path/Frameworks",
				);
				MARKETING_VERSION = 1.0;
				PRODUCT_BUNDLE_IDENTIFIER = polytech.FestivalMobile;
				PRODUCT_NAME = "$(TARGET_NAME)";
				SWIFT_EMIT_LOC_STRINGS = YES;
				SWIFT_VERSION = 5.0;
				TARGETED_DEVICE_FAMILY = "1,2";
			};
			name = Debug;
		};
		B77DF5BA2B8CC62B00A07876 /* Release */ = {
			isa = XCBuildConfiguration;
			buildSettings = {
				ASSETCATALOG_COMPILER_APPICON_NAME = AppIcon;
				ASSETCATALOG_COMPILER_GLOBAL_ACCENT_COLOR_NAME = AccentColor;
				CODE_SIGN_STYLE = Automatic;
				CURRENT_PROJECT_VERSION = 1;
				DEVELOPMENT_ASSET_PATHS = "\"FestivalMobile/Preview Content\"";
				ENABLE_PREVIEWS = YES;
				GENERATE_INFOPLIST_FILE = YES;
				INFOPLIST_KEY_UIApplicationSceneManifest_Generation = YES;
				INFOPLIST_KEY_UIApplicationSupportsIndirectInputEvents = YES;
				INFOPLIST_KEY_UILaunchScreen_Generation = YES;
				INFOPLIST_KEY_UISupportedInterfaceOrientations_iPad = "UIInterfaceOrientationPortrait UIInterfaceOrientationPortraitUpsideDown UIInterfaceOrientationLandscapeLeft UIInterfaceOrientationLandscapeRight";
				INFOPLIST_KEY_UISupportedInterfaceOrientations_iPhone = "UIInterfaceOrientationPortrait UIInterfaceOrientationLandscapeLeft UIInterfaceOrientationLandscapeRight";
				LD_RUNPATH_SEARCH_PATHS = (
					"$(inherited)",
					"@executable_path/Frameworks",
				);
				MARKETING_VERSION = 1.0;
				PRODUCT_BUNDLE_IDENTIFIER = polytech.FestivalMobile;
				PRODUCT_NAME = "$(TARGET_NAME)";
				SWIFT_EMIT_LOC_STRINGS = YES;
				SWIFT_VERSION = 5.0;
				TARGETED_DEVICE_FAMILY = "1,2";
			};
			name = Release;
		};
		B77DF5BC2B8CC62B00A07876 /* Debug */ = {
			isa = XCBuildConfiguration;
			buildSettings = {
				ALWAYS_EMBED_SWIFT_STANDARD_LIBRARIES = YES;
				BUNDLE_LOADER = "$(TEST_HOST)";
				CODE_SIGN_STYLE = Automatic;
				CURRENT_PROJECT_VERSION = 1;
				GENERATE_INFOPLIST_FILE = YES;
				IPHONEOS_DEPLOYMENT_TARGET = 16.2;
				MARKETING_VERSION = 1.0;
				PRODUCT_BUNDLE_IDENTIFIER = polytech.FestivalMobileTests;
				PRODUCT_NAME = "$(TARGET_NAME)";
				SWIFT_EMIT_LOC_STRINGS = NO;
				SWIFT_VERSION = 5.0;
				TARGETED_DEVICE_FAMILY = "1,2";
				TEST_HOST = "$(BUILT_PRODUCTS_DIR)/FestivalMobile.app/$(BUNDLE_EXECUTABLE_FOLDER_PATH)/FestivalMobile";
			};
			name = Debug;
		};
		B77DF5BD2B8CC62B00A07876 /* Release */ = {
			isa = XCBuildConfiguration;
			buildSettings = {
				ALWAYS_EMBED_SWIFT_STANDARD_LIBRARIES = YES;
				BUNDLE_LOADER = "$(TEST_HOST)";
				CODE_SIGN_STYLE = Automatic;
				CURRENT_PROJECT_VERSION = 1;
				GENERATE_INFOPLIST_FILE = YES;
				IPHONEOS_DEPLOYMENT_TARGET = 16.2;
				MARKETING_VERSION = 1.0;
				PRODUCT_BUNDLE_IDENTIFIER = polytech.FestivalMobileTests;
				PRODUCT_NAME = "$(TARGET_NAME)";
				SWIFT_EMIT_LOC_STRINGS = NO;
				SWIFT_VERSION = 5.0;
				TARGETED_DEVICE_FAMILY = "1,2";
				TEST_HOST = "$(BUILT_PRODUCTS_DIR)/FestivalMobile.app/$(BUNDLE_EXECUTABLE_FOLDER_PATH)/FestivalMobile";
			};
			name = Release;
		};
		B77DF5BF2B8CC62B00A07876 /* Debug */ = {
			isa = XCBuildConfiguration;
			buildSettings = {
				ALWAYS_EMBED_SWIFT_STANDARD_LIBRARIES = YES;
				CODE_SIGN_STYLE = Automatic;
				CURRENT_PROJECT_VERSION = 1;
				GENERATE_INFOPLIST_FILE = YES;
				MARKETING_VERSION = 1.0;
				PRODUCT_BUNDLE_IDENTIFIER = polytech.FestivalMobileUITests;
				PRODUCT_NAME = "$(TARGET_NAME)";
				SWIFT_EMIT_LOC_STRINGS = NO;
				SWIFT_VERSION = 5.0;
				TARGETED_DEVICE_FAMILY = "1,2";
				TEST_TARGET_NAME = FestivalMobile;
			};
			name = Debug;
		};
		B77DF5C02B8CC62B00A07876 /* Release */ = {
			isa = XCBuildConfiguration;
			buildSettings = {
				ALWAYS_EMBED_SWIFT_STANDARD_LIBRARIES = YES;
				CODE_SIGN_STYLE = Automatic;
				CURRENT_PROJECT_VERSION = 1;
				GENERATE_INFOPLIST_FILE = YES;
				MARKETING_VERSION = 1.0;
				PRODUCT_BUNDLE_IDENTIFIER = polytech.FestivalMobileUITests;
				PRODUCT_NAME = "$(TARGET_NAME)";
				SWIFT_EMIT_LOC_STRINGS = NO;
				SWIFT_VERSION = 5.0;
				TARGETED_DEVICE_FAMILY = "1,2";
				TEST_TARGET_NAME = FestivalMobile;
			};
			name = Release;
		};
/* End XCBuildConfiguration section */

/* Begin XCConfigurationList section */
		B77DF58F2B8CC62800A07876 /* Build configuration list for PBXProject "FestivalMobile" */ = {
			isa = XCConfigurationList;
			buildConfigurations = (
				B77DF5B62B8CC62B00A07876 /* Debug */,
				B77DF5B72B8CC62B00A07876 /* Release */,
			);
			defaultConfigurationIsVisible = 0;
			defaultConfigurationName = Release;
		};
		B77DF5B82B8CC62B00A07876 /* Build configuration list for PBXNativeTarget "FestivalMobile" */ = {
			isa = XCConfigurationList;
			buildConfigurations = (
				B77DF5B92B8CC62B00A07876 /* Debug */,
				B77DF5BA2B8CC62B00A07876 /* Release */,
			);
			defaultConfigurationIsVisible = 0;
			defaultConfigurationName = Release;
		};
		B77DF5BB2B8CC62B00A07876 /* Build configuration list for PBXNativeTarget "FestivalMobileTests" */ = {
			isa = XCConfigurationList;
			buildConfigurations = (
				B77DF5BC2B8CC62B00A07876 /* Debug */,
				B77DF5BD2B8CC62B00A07876 /* Release */,
			);
			defaultConfigurationIsVisible = 0;
			defaultConfigurationName = Release;
		};
		B77DF5BE2B8CC62B00A07876 /* Build configuration list for PBXNativeTarget "FestivalMobileUITests" */ = {
			isa = XCConfigurationList;
			buildConfigurations = (
				B77DF5BF2B8CC62B00A07876 /* Debug */,
				B77DF5C02B8CC62B00A07876 /* Release */,
			);
			defaultConfigurationIsVisible = 0;
			defaultConfigurationName = Release;
		};
/* End XCConfigurationList section */
	};
	rootObject = B77DF58C2B8CC62800A07876 /* Project object */;
}
